---
JARS:
- org.jruby:jruby-complete::1.7.0.RC1
- org.sonatype.aether:aether-api::1.13.1
- org.sonatype.aether:aether-util::1.13.1
- org.sonatype.aether:aether-impl::1.13.1
- org.sonatype.aether:aether-connector-file::1.13.1
- org.sonatype.aether:aether-connector-asynchttpclient::1.13.1
- org.sonatype.aether:aether-connector-wagon::1.13.1
- org.apache.maven:maven-aether-provider::3.0.4
- org.apache.maven.wagon:wagon-file::2.2
- org.apache.maven.wagon:wagon-http::2.2
- org.apache.maven.wagon:wagon-provider-api::2.2
- org.sonatype.aether:aether-spi::1.13.1
- com.ning:async-http-client::1.6.5
- org.jboss.netty:netty::3.2.5.Final
- org.slf4j:slf4j-api::1.6.2
- org.codehaus.plexus:plexus-classworlds::2.4
- org.codehaus.plexus:plexus-utils::2.0.7
- org.sonatype.sisu:sisu-inject-plexus::2.2.3
- org.sonatype.sisu:sisu-inject-bean::2.2.3
- org.sonatype.sisu:sisu-guice::3.0.3
- org.apache.maven:maven-model::3.0.4
- org.apache.maven:maven-model-builder::3.0.4
- org.codehaus.plexus:plexus-interpolation::1.14
- org.apache.maven:maven-repository-metadata::3.0.4
- org.codehaus.plexus:plexus-component-annotations::1.5.5
- org.apache.maven.wagon:wagon-http-shared4::2.2
- org.jsoup:jsoup::1.6.1
- commons-logging:commons-logging::1.1.1
- commons-io:commons-io::2.0.1
- org.apache.httpcomponents:httpclient::4.1.2
- commons-codec:commons-codec::1.4
- org.apache.httpcomponents:httpcore::4.1.2
GEMS: []
