---
JARS:
- aopalliance:aopalliance:jar:1.0
- com.ning:async-http-client:jar:1.6.5
- commons-codec:commons-codec:jar:1.4
- commons-io:commons-io:jar:2.0.1
- commons-logging:commons-logging:jar:1.1.1
- javax.inject:javax.inject:jar:1
- org.apache.httpcomponents:httpclient:jar:4.1.2
- org.apache.httpcomponents:httpcore:jar:4.1.2
- org.apache.maven:maven-aether-provider:jar:3.0.4
- org.apache.maven:maven-model:jar:3.0.4
- org.apache.maven:maven-model-builder:jar:3.0.4
- org.apache.maven:maven-repository-metadata:jar:3.0.4
- org.apache.maven.wagon:wagon-file:jar:2.2
- org.apache.maven.wagon:wagon-http:jar:2.2
- org.apache.maven.wagon:wagon-http-shared4:jar:2.2
- org.apache.maven.wagon:wagon-provider-api:jar:2.2
- org.codehaus.plexus:plexus-classworlds:jar:2.4
- org.codehaus.plexus:plexus-component-annotations:jar:1.5.5
- org.codehaus.plexus:plexus-interpolation:jar:1.14
- org.codehaus.plexus:plexus-utils:jar:2.0.7
- org.jboss.netty:netty:jar:3.2.5.Final
- org.jsoup:jsoup:jar:1.6.1
- org.slf4j:slf4j-api:jar:1.6.2
- org.sonatype.aether:aether-api:jar:1.13.1
- org.sonatype.aether:aether-connector-asynchttpclient:jar:1.13.1
- org.sonatype.aether:aether-connector-file:jar:1.13.1
- org.sonatype.aether:aether-connector-wagon:jar:1.13.1
- org.sonatype.aether:aether-impl:jar:1.13.1
- org.sonatype.aether:aether-spi:jar:1.13.1
- org.sonatype.aether:aether-util:jar:1.13.1
- org.sonatype.sisu:sisu-guice:jar:3.0.3
- org.sonatype.sisu:sisu-inject-bean:jar:2.2.3
- org.sonatype.sisu:sisu-inject-plexus:jar:2.2.3
GEMS: []
