org.apache.commons:commons-jci-core:jar:1.0
commons-io:commons-io:jar:1.3.1
commons-logging:commons-logging-api:jar:1.1
org.apache.commons:commons-jci-javac:jar:1.0
org.vafer:dependency:jar:0.2
junit:junit:jar:3.8.2
asm:asm-commons:jar:2.2.1
asm:asm-util:jar:2.2.1
asm:asm-analysis:jar:2.2.1
asm:asm-tree:jar:2.2.1
asm:asm-attrs:jar:2.2.1
asm:asm:jar:2.2
org.apache.commons:commons-jci-fam:jar:1.0
com.fasterxml.jackson.core:jackson-core:jar:2.0.6
com.fasterxml.jackson.core:jackson-databind:jar:2.0.6
com.fasterxml.jackson.core:jackson-annotations:jar:2.0.6
